// !$*UTF8*$!
{
	archiveVersion = 1;
	classes = {
	};
	objectVersion = 46;
	objects = {

/* Begin PBXBuildFile section */
		DC06504D1BD3D42D00D764C2 /* AppDelegate.swift in Sources */ = {isa = PBXBuildFile; fileRef = DC06504C1BD3D42D00D764C2 /* AppDelegate.swift */; };
		DC0650521BD3D42D00D764C2 /* Main.storyboard in Resources */ = {isa = PBXBuildFile; fileRef = DC0650501BD3D42D00D764C2 /* Main.storyboard */; };
		DC0650541BD3D42D00D764C2 /* Assets.xcassets in Resources */ = {isa = PBXBuildFile; fileRef = DC0650531BD3D42D00D764C2 /* Assets.xcassets */; };
		DC0650571BD3D42D00D764C2 /* LaunchScreen.storyboard in Resources */ = {isa = PBXBuildFile; fileRef = DC0650551BD3D42D00D764C2 /* LaunchScreen.storyboard */; };
		DC1BD5EC1BD7D54F0093D926 /* Meme.swift in Sources */ = {isa = PBXBuildFile; fileRef = DC1BD5EB1BD7D54F0093D926 /* Meme.swift */; settings = {ASSET_TAGS = (); }; };
		DCAD984D1BD81C7D0058F939 /* impact.ttf in Resources */ = {isa = PBXBuildFile; fileRef = DCAD984C1BD81C7D0058F939 /* impact.ttf */; settings = {ASSET_TAGS = (); }; };
		DCAD98541BD92C030058F939 /* EditorViewController.swift in Sources */ = {isa = PBXBuildFile; fileRef = DCAD984E1BD92C030058F939 /* EditorViewController.swift */; settings = {ASSET_TAGS = (); }; };
		DCAD98551BD92C030058F939 /* MemeCollectionViewCell.swift in Sources */ = {isa = PBXBuildFile; fileRef = DCAD984F1BD92C030058F939 /* MemeCollectionViewCell.swift */; settings = {ASSET_TAGS = (); }; };
		DCAD98561BD92C030058F939 /* MemeCollectionViewController.swift in Sources */ = {isa = PBXBuildFile; fileRef = DCAD98501BD92C030058F939 /* MemeCollectionViewController.swift */; settings = {ASSET_TAGS = (); }; };
		DCAD98571BD92C030058F939 /* MemeDetailViewController.swift in Sources */ = {isa = PBXBuildFile; fileRef = DCAD98511BD92C030058F939 /* MemeDetailViewController.swift */; settings = {ASSET_TAGS = (); }; };
		DCAD98581BD92C030058F939 /* MemeTableViewController.swift in Sources */ = {isa = PBXBuildFile; fileRef = DCAD98521BD92C030058F939 /* MemeTableViewController.swift */; settings = {ASSET_TAGS = (); }; };
		DCAD98591BD92C030058F939 /* MemeTableViewRow.swift in Sources */ = {isa = PBXBuildFile; fileRef = DCAD98531BD92C030058F939 /* MemeTableViewRow.swift */; settings = {ASSET_TAGS = (); }; };
/* End PBXBuildFile section */

/* Begin PBXFileReference section */
		DC0650491BD3D42D00D764C2 /* MemeMe.app */ = {isa = PBXFileReference; explicitFileType = wrapper.application; includeInIndex = 0; path = MemeMe.app; sourceTree = BUILT_PRODUCTS_DIR; };
		DC06504C1BD3D42D00D764C2 /* AppDelegate.swift */ = {isa = PBXFileReference; lastKnownFileType = sourcecode.swift; path = AppDelegate.swift; sourceTree = "<group>"; };
		DC0650511BD3D42D00D764C2 /* Base */ = {isa = PBXFileReference; lastKnownFileType = file.storyboard; name = Base; path = Base.lproj/Main.storyboard; sourceTree = "<group>"; };
		DC0650531BD3D42D00D764C2 /* Assets.xcassets */ = {isa = PBXFileReference; lastKnownFileType = folder.assetcatalog; path = Assets.xcassets; sourceTree = "<group>"; };
		DC0650561BD3D42D00D764C2 /* Base */ = {isa = PBXFileReference; lastKnownFileType = file.storyboard; name = Base; path = Base.lproj/LaunchScreen.storyboard; sourceTree = "<group>"; };
		DC0650581BD3D42D00D764C2 /* Info.plist */ = {isa = PBXFileReference; lastKnownFileType = text.plist.xml; path = Info.plist; sourceTree = "<group>"; };
		DC1BD5EB1BD7D54F0093D926 /* Meme.swift */ = {isa = PBXFileReference; fileEncoding = 4; lastKnownFileType = sourcecode.swift; path = Meme.swift; sourceTree = "<group>"; };
		DCAD984C1BD81C7D0058F939 /* impact.ttf */ = {isa = PBXFileReference; lastKnownFileType = file; path = impact.ttf; sourceTree = "<group>"; };
		DCAD984E1BD92C030058F939 /* EditorViewController.swift */ = {isa = PBXFileReference; fileEncoding = 4; lastKnownFileType = sourcecode.swift; path = EditorViewController.swift; sourceTree = "<group>"; };
		DCAD984F1BD92C030058F939 /* MemeCollectionViewCell.swift */ = {isa = PBXFileReference; fileEncoding = 4; lastKnownFileType = sourcecode.swift; path = MemeCollectionViewCell.swift; sourceTree = "<group>"; };
		DCAD98501BD92C030058F939 /* MemeCollectionViewController.swift */ = {isa = PBXFileReference; fileEncoding = 4; lastKnownFileType = sourcecode.swift; path = MemeCollectionViewController.swift; sourceTree = "<group>"; };
		DCAD98511BD92C030058F939 /* MemeDetailViewController.swift */ = {isa = PBXFileReference; fileEncoding = 4; lastKnownFileType = sourcecode.swift; path = MemeDetailViewController.swift; sourceTree = "<group>"; };
		DCAD98521BD92C030058F939 /* MemeTableViewController.swift */ = {isa = PBXFileReference; fileEncoding = 4; lastKnownFileType = sourcecode.swift; path = MemeTableViewController.swift; sourceTree = "<group>"; };
		DCAD98531BD92C030058F939 /* MemeTableViewRow.swift */ = {isa = PBXFileReference; fileEncoding = 4; lastKnownFileType = sourcecode.swift; path = MemeTableViewRow.swift; sourceTree = "<group>"; };
/* End PBXFileReference section */

/* Begin PBXFrameworksBuildPhase section */
		DC0650461BD3D42D00D764C2 /* Frameworks */ = {
			isa = PBXFrameworksBuildPhase;
			buildActionMask = 2147483647;
			files = (
			);
			runOnlyForDeploymentPostprocessing = 0;
		};
/* End PBXFrameworksBuildPhase section */

/* Begin PBXGroup section */
		DC0650401BD3D42D00D764C2 = {
			isa = PBXGroup;
			children = (
				DC06504B1BD3D42D00D764C2 /* MemeMe */,
				DC06504A1BD3D42D00D764C2 /* Products */,
			);
			sourceTree = "<group>";
		};
		DC06504A1BD3D42D00D764C2 /* Products */ = {
			isa = PBXGroup;
			children = (
				DC0650491BD3D42D00D764C2 /* MemeMe.app */,
			);
			name = Products;
			sourceTree = "<group>";
		};
		DC06504B1BD3D42D00D764C2 /* MemeMe */ = {
			isa = PBXGroup;
			children = (
				DCAD985A1BD92E3F0058F939 /* Controller */,
				DCA81D1C1BD9A55300D5B85E /* View */,
				DCA81D1D1BDA892200D5B85E /* Supporting Files */,
				DCAD985B1BD92E8A0058F939 /* Model */,
				DC06504C1BD3D42D00D764C2 /* AppDelegate.swift */,
			);
			path = MemeMe;
			sourceTree = "<group>";
		};
		DCA81D1C1BD9A55300D5B85E /* View */ = {
			isa = PBXGroup;
			children = (
				DCAD984F1BD92C030058F939 /* MemeCollectionViewCell.swift */,
				DCAD98531BD92C030058F939 /* MemeTableViewRow.swift */,
			);
			name = View;
			sourceTree = "<group>";
		};
		DCA81D1D1BDA892200D5B85E /* Supporting Files */ = {
			isa = PBXGroup;
			children = (
				DC0650581BD3D42D00D764C2 /* Info.plist */,
				DCA81D1E1BDA8A1700D5B85E /* Storyboards */,
				DCA81D1F1BDA8A4300D5B85E /* Fonts */,
				DC0650531BD3D42D00D764C2 /* Assets.xcassets */,
			);
			name = "Supporting Files";
			sourceTree = "<group>";
		};
		DCA81D1E1BDA8A1700D5B85E /* Storyboards */ = {
			isa = PBXGroup;
			children = (
				DC0650551BD3D42D00D764C2 /* LaunchScreen.storyboard */,
				DC0650501BD3D42D00D764C2 /* Main.storyboard */,
			);
			name = Storyboards;
			sourceTree = "<group>";
		};
		DCA81D1F1BDA8A4300D5B85E /* Fonts */ = {
			isa = PBXGroup;
			children = (
				DCAD984C1BD81C7D0058F939 /* impact.ttf */,
			);
			name = Fonts;
			sourceTree = "<group>";
		};
		DCAD985A1BD92E3F0058F939 /* Controller */ = {
			isa = PBXGroup;
			children = (
				DCAD984E1BD92C030058F939 /* EditorViewController.swift */,
				DCAD98501BD92C030058F939 /* MemeCollectionViewController.swift */,
				DCAD98511BD92C030058F939 /* MemeDetailViewController.swift */,
				DCAD98521BD92C030058F939 /* MemeTableViewController.swift */,
			);
			name = Controller;
			sourceTree = "<group>";
		};
		DCAD985B1BD92E8A0058F939 /* Model */ = {
			isa = PBXGroup;
			children = (
				DC1BD5EB1BD7D54F0093D926 /* Meme.swift */,
			);
			name = Model;
			sourceTree = "<group>";
		};
/* End PBXGroup section */

/* Begin PBXNativeTarget section */
		DC0650481BD3D42D00D764C2 /* MemeMe */ = {
			isa = PBXNativeTarget;
			buildConfigurationList = DC06505B1BD3D42D00D764C2 /* Build configuration list for PBXNativeTarget "MemeMe" */;
			buildPhases = (
				DC0650451BD3D42D00D764C2 /* Sources */,
				DC0650461BD3D42D00D764C2 /* Frameworks */,
				DC0650471BD3D42D00D764C2 /* Resources */,
			);
			buildRules = (
			);
			dependencies = (
			);
			name = MemeMe;
			productName = MemeMe;
			productReference = DC0650491BD3D42D00D764C2 /* MemeMe.app */;
			productType = "com.apple.product-type.application";
		};
/* End PBXNativeTarget section */

/* Begin PBXProject section */
		DC0650411BD3D42D00D764C2 /* Project object */ = {
			isa = PBXProject;
			attributes = {
				LastUpgradeCheck = 0700;
				ORGANIZATIONNAME = XiLosada;
				TargetAttributes = {
					DC0650481BD3D42D00D764C2 = {
						CreatedOnToolsVersion = 7.0.1;
						DevelopmentTeam = 5P6H753TW3;
					};
				};
			};
			buildConfigurationList = DC0650441BD3D42D00D764C2 /* Build configuration list for PBXProject "MemeMe" */;
			compatibilityVersion = "Xcode 3.2";
			developmentRegion = English;
			hasScannedForEncodings = 0;
			knownRegions = (
				en,
				Base,
			);
			mainGroup = DC0650401BD3D42D00D764C2;
			productRefGroup = DC06504A1BD3D42D00D764C2 /* Products */;
			projectDirPath = "";
			projectRoot = "";
			targets = (
				DC0650481BD3D42D00D764C2 /* MemeMe */,
			);
		};
/* End PBXProject section */

/* Begin PBXResourcesBuildPhase section */
		DC0650471BD3D42D00D764C2 /* Resources */ = {
			isa = PBXResourcesBuildPhase;
			buildActionMask = 2147483647;
			files = (
				DCAD984D1BD81C7D0058F939 /* impact.ttf in Resources */,
				DC0650571BD3D42D00D764C2 /* LaunchScreen.storyboard in Resources */,
				DC0650541BD3D42D00D764C2 /* Assets.xcassets in Resources */,
				DC0650521BD3D42D00D764C2 /* Main.storyboard in Resources */,
			);
			runOnlyForDeploymentPostprocessing = 0;
		};
/* End PBXResourcesBuildPhase section */

/* Begin PBXSourcesBuildPhase section */
		DC0650451BD3D42D00D764C2 /* Sources */ = {
			isa = PBXSourcesBuildPhase;
			buildActionMask = 2147483647;
			files = (
				DCAD98591BD92C030058F939 /* MemeTableViewRow.swift in Sources */,
				DCAD98551BD92C030058F939 /* MemeCollectionViewCell.swift in Sources */,
				DC1BD5EC1BD7D54F0093D926 /* Meme.swift in Sources */,
				DCAD98581BD92C030058F939 /* MemeTableViewController.swift in Sources */,
				DC06504D1BD3D42D00D764C2 /* AppDelegate.swift in Sources */,
				DCAD98571BD92C030058F939 /* MemeDetailViewController.swift in Sources */,
				DCAD98561BD92C030058F939 /* MemeCollectionViewController.swift in Sources */,
				DCAD98541BD92C030058F939 /* EditorViewController.swift in Sources */,
			);
			runOnlyForDeploymentPostprocessing = 0;
		};
/* End PBXSourcesBuildPhase section */

/* Begin PBXVariantGroup section */
		DC0650501BD3D42D00D764C2 /* Main.storyboard */ = {
			isa = PBXVariantGroup;
			children = (
				DC0650511BD3D42D00D764C2 /* Base */,
			);
			name = Main.storyboard;
			sourceTree = "<group>";
		};
		DC0650551BD3D42D00D764C2 /* LaunchScreen.storyboard */ = {
			isa = PBXVariantGroup;
			children = (
				DC0650561BD3D42D00D764C2 /* Base */,
			);
			name = LaunchScreen.storyboard;
			sourceTree = "<group>";
		};
/* End PBXVariantGroup section */

/* Begin XCBuildConfiguration section */
		DC0650591BD3D42D00D764C2 /* Debug */ = {
			isa = XCBuildConfiguration;
			buildSettings = {
				ALWAYS_SEARCH_USER_PATHS = NO;
				CLANG_CXX_LANGUAGE_STANDARD = "gnu++0x";
				CLANG_CXX_LIBRARY = "libc++";
				CLANG_ENABLE_MODULES = YES;
				CLANG_ENABLE_OBJC_ARC = YES;
				CLANG_WARN_BOOL_CONVERSION = YES;
				CLANG_WARN_CONSTANT_CONVERSION = YES;
				CLANG_WARN_DIRECT_OBJC_ISA_USAGE = YES_ERROR;
				CLANG_WARN_EMPTY_BODY = YES;
				CLANG_WARN_ENUM_CONVERSION = YES;
				CLANG_WARN_INT_CONVERSION = YES;
				CLANG_WARN_OBJC_ROOT_CLASS = YES_ERROR;
				CLANG_WARN_UNREACHABLE_CODE = YES;
				CLANG_WARN__DUPLICATE_METHOD_MATCH = YES;
				"CODE_SIGN_IDENTITY[sdk=iphoneos*]" = "iPhone Developer";
				COPY_PHASE_STRIP = NO;
				DEBUG_INFORMATION_FORMAT = dwarf;
				ENABLE_STRICT_OBJC_MSGSEND = YES;
				ENABLE_TESTABILITY = YES;
				GCC_C_LANGUAGE_STANDARD = gnu99;
				GCC_DYNAMIC_NO_PIC = NO;
				GCC_NO_COMMON_BLOCKS = YES;
				GCC_OPTIMIZATION_LEVEL = 0;
				GCC_PREPROCESSOR_DEFINITIONS = (
					"DEBUG=1",
					"$(inherited)",
				);
				GCC_WARN_64_TO_32_BIT_CONVERSION = YES;
				GCC_WARN_ABOUT_RETURN_TYPE = YES_ERROR;
				GCC_WARN_UNDECLARED_SELECTOR = YES;
				GCC_WARN_UNINITIALIZED_AUTOS = YES_AGGRESSIVE;
				GCC_WARN_UNUSED_FUNCTION = YES;
				GCC_WARN_UNUSED_VARIABLE = YES;
				IPHONEOS_DEPLOYMENT_TARGET = 9.0;
				MTL_ENABLE_DEBUG_INFO = YES;
				ONLY_ACTIVE_ARCH = YES;
				SDKROOT = iphoneos;
				SWIFT_OPTIMIZATION_LEVEL = "-Onone";
			};
			name = Debug;
		};
		DC06505A1BD3D42D00D764C2 /* Release */ = {
			isa = XCBuildConfiguration;
			buildSettings = {
				ALWAYS_SEARCH_USER_PATHS = NO;
				CLANG_CXX_LANGUAGE_STANDARD = "gnu++0x";
				CLANG_CXX_LIBRARY = "libc++";
				CLANG_ENABLE_MODULES = YES;
				CLANG_ENABLE_OBJC_ARC = YES;
				CLANG_WARN_BOOL_CONVERSION = YES;
				CLANG_WARN_CONSTANT_CONVERSION = YES;
				CLANG_WARN_DIRECT_OBJC_ISA_USAGE = YES_ERROR;
				CLANG_WARN_EMPTY_BODY = YES;
				CLANG_WARN_ENUM_CONVERSION = YES;
				CLANG_WARN_INT_CONVERSION = YES;
				CLANG_WARN_OBJC_ROOT_CLASS = YES_ERROR;
				CLANG_WARN_UNREACHABLE_CODE = YES;
				CLANG_WARN__DUPLICATE_METHOD_MATCH = YES;
				"CODE_SIGN_IDENTITY[sdk=iphoneos*]" = "iPhone Developer";
				COPY_PHASE_STRIP = NO;
				DEBUG_INFORMATION_FORMAT = "dwarf-with-dsym";
				ENABLE_NS_ASSERTIONS = NO;
				ENABLE_STRICT_OBJC_MSGSEND = YES;
				GCC_C_LANGUAGE_STANDARD = gnu99;
				GCC_NO_COMMON_BLOCKS = YES;
				GCC_WARN_64_TO_32_BIT_CONVERSION = YES;
				GCC_WARN_ABOUT_RETURN_TYPE = YES_ERROR;
				GCC_WARN_UNDECLARED_SELECTOR = YES;
				GCC_WARN_UNINITIALIZED_AUTOS = YES_AGGRESSIVE;
				GCC_WARN_UNUSED_FUNCTION = YES;
				GCC_WARN_UNUSED_VARIABLE = YES;
				IPHONEOS_DEPLOYMENT_TARGET = 9.0;
				MTL_ENABLE_DEBUG_INFO = NO;
				SDKROOT = iphoneos;
				VALIDATE_PRODUCT = YES;
			};
			name = Release;
		};
		DC06505C1BD3D42D00D764C2 /* Debug */ = {
			isa = XCBuildConfiguration;
			buildSettings = {
				ASSETCATALOG_COMPILER_APPICON_NAME = AppIcon;
				INFOPLIST_FILE = MemeMe/Info.plist;
				LD_RUNPATH_SEARCH_PATHS = "$(inherited) @executable_path/Frameworks";
				PRODUCT_BUNDLE_IDENTIFIER = com.xilosada.MemeMe;
				PRODUCT_NAME = "$(TARGET_NAME)";
			};
			name = Debug;
		};
		DC06505D1BD3D42D00D764C2 /* Release */ = {
			isa = XCBuildConfiguration;
			buildSettings = {
				ASSETCATALOG_COMPILER_APPICON_NAME = AppIcon;
				INFOPLIST_FILE = MemeMe/Info.plist;
				LD_RUNPATH_SEARCH_PATHS = "$(inherited) @executable_path/Frameworks";
				PRODUCT_BUNDLE_IDENTIFIER = com.xilosada.MemeMe;
				PRODUCT_NAME = "$(TARGET_NAME)";
			};
			name = Release;
		};
/* End XCBuildConfiguration section */

/* Begin XCConfigurationList section */
		DC0650441BD3D42D00D764C2 /* Build configuration list for PBXProject "MemeMe" */ = {
			isa = XCConfigurationList;
			buildConfigurations = (
				DC0650591BD3D42D00D764C2 /* Debug */,
				DC06505A1BD3D42D00D764C2 /* Release */,
			);
			defaultConfigurationIsVisible = 0;
			defaultConfigurationName = Release;
		};
		DC06505B1BD3D42D00D764C2 /* Build configuration list for PBXNativeTarget "MemeMe" */ = {
			isa = XCConfigurationList;
			buildConfigurations = (
				DC06505C1BD3D42D00D764C2 /* Debug */,
				DC06505D1BD3D42D00D764C2 /* Release */,
			);
			defaultConfigurationIsVisible = 0;
			defaultConfigurationName = Release;
		};
/* End XCConfigurationList section */
	};
	rootObject = DC0650411BD3D42D00D764C2 /* Project object */;
}
